# THIS IS AN AUTOGENERATED FILE. DO NOT EDIT THIS FILE DIRECTLY.
# yarn lockfile v1


"@polymer/iron-flex-layout@^3.0.0-pre.19":
  version "3.0.0-pre.19"
  resolved "https://registry.yarnpkg.com/@polymer/iron-flex-layout/-/iron-flex-layout-3.0.0-pre.19.tgz#35f633ab4d4e14e44650722729128e4f5968c1e9"
  dependencies:
    "@polymer/polymer" "^3.0.0"

"@polymer/iron-icon@^3.0.0-pre.12", "@polymer/iron-icon@^3.0.0-pre.19":
  version "3.0.0-pre.19"
  resolved "https://registry.yarnpkg.com/@polymer/iron-icon/-/iron-icon-3.0.0-pre.19.tgz#8fd150463a36d3851b2b71802ebc22d48dbfa340"
  dependencies:
    "@polymer/iron-flex-layout" "^3.0.0-pre.19"
    "@polymer/iron-meta" "^3.0.0-pre.19"
    "@polymer/polymer" "^3.0.0"

"@polymer/iron-icons@^3.0.0-pre.12":
  version "3.0.0-pre.19"
  resolved "https://registry.yarnpkg.com/@polymer/iron-icons/-/iron-icons-3.0.0-pre.19.tgz#850151d172fe8a5833efac150a018d9d5f464779"
  dependencies:
    "@polymer/iron-icon" "^3.0.0-pre.19"
    "@polymer/iron-iconset-svg" "^3.0.0-pre.19"
    "@polymer/polymer" "^3.0.0"

"@polymer/iron-iconset-svg@^3.0.0-pre.19":
  version "3.0.0-pre.19"
  resolved "https://registry.yarnpkg.com/@polymer/iron-iconset-svg/-/iron-iconset-svg-3.0.0-pre.19.tgz#9badb0df72ade7f011e60917ef3274019006cfd0"
  dependencies:
    "@polymer/iron-meta" "^3.0.0-pre.19"
    "@polymer/polymer" "^3.0.0"

"@polymer/iron-meta@^3.0.0-pre.19":
  version "3.0.0-pre.19"
  resolved "https://registry.yarnpkg.com/@polymer/iron-meta/-/iron-meta-3.0.0-pre.19.tgz#c4a70c235b87679f3487429ca69e071aacc3d002"
  dependencies:
    "@polymer/polymer" "^3.0.0"

"@polymer/lit-element@^0.5.1":
  version "0.5.1"
  resolved "https://registry.yarnpkg.com/@polymer/lit-element/-/lit-element-0.5.1.tgz#ab1b21391787082023852e95e65e60015dfdaa00"
  dependencies:
    "@polymer/polymer" "^3.0.0-pre.13"
    lit-html "^0.10.0"

"@polymer/polymer@^3.0.0", "@polymer/polymer@^3.0.0-pre.12", "@polymer/polymer@^3.0.0-pre.13":
  version "3.0.2"
  resolved "https://registry.yarnpkg.com/@polymer/polymer/-/polymer-3.0.2.tgz#626e6f9fae9716b0962ce0211e21df242153eab2"
  dependencies:
    "@webcomponents/shadycss" "^1.2.0"

"@webcomponents/shadycss@^1.2.0":
  version "1.2.1"
  resolved "https://registry.yarnpkg.com/@webcomponents/shadycss/-/shadycss-1.2.1.tgz#6e4a88534657807c8398b4bc196d0ca492182d54"

"@webcomponents/webcomponentsjs@1.0.20", "@webcomponents/webcomponentsjs@^1.0.20":
  version "1.0.20"
  resolved "https://registry.yarnpkg.com/@webcomponents/webcomponentsjs/-/webcomponentsjs-1.0.20.tgz#bac97c9709a3130241da4c2c85710e1dc8775b1c"

lit-html@^0.10.0:
  version "0.10.0"
  resolved "https://registry.yarnpkg.com/lit-html/-/lit-html-0.10.0.tgz#1c56efc7513faa8e12d0a5564dc3c67ee28fd617"
